
Microsoft Visual Studio Solution File, Format Version 12.00
# Visual Studio Version 16
VisualStudioVersion = 16.0.30907.101
MinimumVisualStudioVersion = 10.0.40219.1
Project("{FAE04EC0-301F-11D3-BF4B-00C04F79EFBC}") = "proyectoTienda", "proyectoTienda\proyectoTienda.csproj", "{F17C6B78-91C1-47EC-B721-20ED42A7823F}"
EndProject
Global
	GlobalSection(SolutionConfigurationPlatforms) = preSolution
		Debug|Any CPU = Debug|Any CPU
		Release|Any CPU = Release|Any CPU
	EndGlobalSection
	GlobalSection(ProjectConfigurationPlatforms) = postSolution
		{F17C6B78-91C1-47EC-B721-20ED42A7823F}.Debug|Any CPU.ActiveCfg = Debug|Any CPU
		{F17C6B78-91C1-47EC-B721-20ED42A7823F}.Debug|Any CPU.Build.0 = Debug|Any CPU
		{F17C6B78-91C1-47EC-B721-20ED42A7823F}.Release|Any CPU.ActiveCfg = Release|Any CPU
		{F17C6B78-91C1-47EC-B721-20ED42A7823F}.Release|Any CPU.Build.0 = Release|Any CPU
	EndGlobalSection
	GlobalSection(SolutionProperties) = preSolution
		HideSolutionNode = FALSE
	EndGlobalSection
	GlobalSection(ExtensibilityGlobals) = postSolution
		SolutionGuid = {ABE5CB76-3CE7-4F11-A122-F97397D0B00B}
	EndGlobalSection
EndGlobal
